
Microsoft Visual Studio Solution File, Format Version 12.00
# Visual Studio Version 17
VisualStudioVersion = 17.3.32804.467
MinimumVisualStudioVersion = 10.0.40219.1
Project("{FAE04EC0-301F-11D3-BF4B-00C04F79EFBC}") = "CGI_Satelite_Communication", "CGI_Satelite_Communication\CGI_Satelite_Communication.csproj", "{DFA4CEA0-2B58-404F-BD69-0EBD83415241}"
EndProject
Global
	GlobalSection(SolutionConfigurationPlatforms) = preSolution
		Debug|Any CPU = Debug|Any CPU
		Release|Any CPU = Release|Any CPU
	EndGlobalSection
	GlobalSection(ProjectConfigurationPlatforms) = postSolution
		{DFA4CEA0-2B58-404F-BD69-0EBD83415241}.Debug|Any CPU.ActiveCfg = Debug|Any CPU
		{DFA4CEA0-2B58-404F-BD69-0EBD83415241}.Debug|Any CPU.Build.0 = Debug|Any CPU
		{DFA4CEA0-2B58-404F-BD69-0EBD83415241}.Release|Any CPU.ActiveCfg = Release|Any CPU
		{DFA4CEA0-2B58-404F-BD69-0EBD83415241}.Release|Any CPU.Build.0 = Release|Any CPU
	EndGlobalSection
	GlobalSection(SolutionProperties) = preSolution
		HideSolutionNode = FALSE
	EndGlobalSection
	GlobalSection(ExtensibilityGlobals) = postSolution
		SolutionGuid = {BD8292AD-E902-49A7-B144-5CF56202EC19}
	EndGlobalSection
EndGlobal
